
Microsoft Visual Studio Solution File, Format Version 12.00
# Visual Studio Version 17
VisualStudioVersion = 17.4.33103.184
MinimumVisualStudioVersion = 10.0.40219.1
Project("{FAE04EC0-301F-11D3-BF4B-00C04F79EFBC}") = "Core", "Core\Core.csproj", "{EB166FA9-241A-4D09-98B7-314397178811}"
EndProject
Project("{FAE04EC0-301F-11D3-BF4B-00C04F79EFBC}") = "Repository", "Repository\Repository.csproj", "{730A0555-6EFC-4DFE-AC1D-B41A5EE0A2B9}"
EndProject
Project("{FAE04EC0-301F-11D3-BF4B-00C04F79EFBC}") = "Service", "Service\Service.csproj", "{013E4624-7694-4A9A-9BF3-BF6CC10DE73A}"
EndProject
Project("{FAE04EC0-301F-11D3-BF4B-00C04F79EFBC}") = "API", "API\API.csproj", "{F709A038-A785-4760-AFAE-88FCF05188B1}"
EndProject
Project("{FAE04EC0-301F-11D3-BF4B-00C04F79EFBC}") = "Web", "Web\Web.csproj", "{0C9E3E0A-2963-4193-B543-110453782F53}"
EndProject
Global
	GlobalSection(SolutionConfigurationPlatforms) = preSolution
		Debug|Any CPU = Debug|Any CPU
		Release|Any CPU = Release|Any CPU
	EndGlobalSection
	GlobalSection(ProjectConfigurationPlatforms) = postSolution
		{EB166FA9-241A-4D09-98B7-314397178811}.Debug|Any CPU.ActiveCfg = Debug|Any CPU
		{EB166FA9-241A-4D09-98B7-314397178811}.Debug|Any CPU.Build.0 = Debug|Any CPU
		{EB166FA9-241A-4D09-98B7-314397178811}.Release|Any CPU.ActiveCfg = Release|Any CPU
		{EB166FA9-241A-4D09-98B7-314397178811}.Release|Any CPU.Build.0 = Release|Any CPU
		{730A0555-6EFC-4DFE-AC1D-B41A5EE0A2B9}.Debug|Any CPU.ActiveCfg = Debug|Any CPU
		{730A0555-6EFC-4DFE-AC1D-B41A5EE0A2B9}.Debug|Any CPU.Build.0 = Debug|Any CPU
		{730A0555-6EFC-4DFE-AC1D-B41A5EE0A2B9}.Release|Any CPU.ActiveCfg = Release|Any CPU
		{730A0555-6EFC-4DFE-AC1D-B41A5EE0A2B9}.Release|Any CPU.Build.0 = Release|Any CPU
		{013E4624-7694-4A9A-9BF3-BF6CC10DE73A}.Debug|Any CPU.ActiveCfg = Debug|Any CPU
		{013E4624-7694-4A9A-9BF3-BF6CC10DE73A}.Debug|Any CPU.Build.0 = Debug|Any CPU
		{013E4624-7694-4A9A-9BF3-BF6CC10DE73A}.Release|Any CPU.ActiveCfg = Release|Any CPU
		{013E4624-7694-4A9A-9BF3-BF6CC10DE73A}.Release|Any CPU.Build.0 = Release|Any CPU
		{F709A038-A785-4760-AFAE-88FCF05188B1}.Debug|Any CPU.ActiveCfg = Debug|Any CPU
		{F709A038-A785-4760-AFAE-88FCF05188B1}.Debug|Any CPU.Build.0 = Debug|Any CPU
		{F709A038-A785-4760-AFAE-88FCF05188B1}.Release|Any CPU.ActiveCfg = Release|Any CPU
		{F709A038-A785-4760-AFAE-88FCF05188B1}.Release|Any CPU.Build.0 = Release|Any CPU
		{0C9E3E0A-2963-4193-B543-110453782F53}.Debug|Any CPU.ActiveCfg = Debug|Any CPU
		{0C9E3E0A-2963-4193-B543-110453782F53}.Debug|Any CPU.Build.0 = Debug|Any CPU
		{0C9E3E0A-2963-4193-B543-110453782F53}.Release|Any CPU.ActiveCfg = Release|Any CPU
		{0C9E3E0A-2963-4193-B543-110453782F53}.Release|Any CPU.Build.0 = Release|Any CPU
	EndGlobalSection
	GlobalSection(SolutionProperties) = preSolution
		HideSolutionNode = FALSE
	EndGlobalSection
	GlobalSection(ExtensibilityGlobals) = postSolution
		SolutionGuid = {1AC6B4FE-0454-4A3D-8A71-FE3CDC6664CA}
	EndGlobalSection
EndGlobal
